
Microsoft Visual Studio Solution File, Format Version 12.00
# Visual Studio 14
VisualStudioVersion = 14.0.24720.0
MinimumVisualStudioVersion = 10.0.40219.1
Project("{FAE04EC0-301F-11D3-BF4B-00C04F79EFBC}") = "Mark-IV-CoffeeMaker", "Mark-IV-CoffeeMaker\Mark-IV-CoffeeMaker.csproj", "{63BB340C-E1EA-46D4-A539-9EDBFA191E0C}"
EndProject
Project("{FAE04EC0-301F-11D3-BF4B-00C04F79EFBC}") = "CoffeeMakerTests", "CoffeeMakerTests\CoffeeMakerTests.csproj", "{D470744E-F6F4-485C-B965-5640BBA9B7F2}"
EndProject
Project("{FAE04EC0-301F-11D3-BF4B-00C04F79EFBC}") = "CoffeeMakerHarness", "CoffeeMakerHarness\CoffeeMakerHarness.csproj", "{07527EEC-5432-4B23-BA4C-EA75E2629813}"
EndProject
Global
	GlobalSection(SolutionConfigurationPlatforms) = preSolution
		Debug|Any CPU = Debug|Any CPU
		Release|Any CPU = Release|Any CPU
	EndGlobalSection
	GlobalSection(ProjectConfigurationPlatforms) = postSolution
		{63BB340C-E1EA-46D4-A539-9EDBFA191E0C}.Debug|Any CPU.ActiveCfg = Debug|Any CPU
		{63BB340C-E1EA-46D4-A539-9EDBFA191E0C}.Debug|Any CPU.Build.0 = Debug|Any CPU
		{63BB340C-E1EA-46D4-A539-9EDBFA191E0C}.Release|Any CPU.ActiveCfg = Release|Any CPU
		{63BB340C-E1EA-46D4-A539-9EDBFA191E0C}.Release|Any CPU.Build.0 = Release|Any CPU
		{D470744E-F6F4-485C-B965-5640BBA9B7F2}.Debug|Any CPU.ActiveCfg = Debug|Any CPU
		{D470744E-F6F4-485C-B965-5640BBA9B7F2}.Debug|Any CPU.Build.0 = Debug|Any CPU
		{D470744E-F6F4-485C-B965-5640BBA9B7F2}.Release|Any CPU.ActiveCfg = Release|Any CPU
		{D470744E-F6F4-485C-B965-5640BBA9B7F2}.Release|Any CPU.Build.0 = Release|Any CPU
		{07527EEC-5432-4B23-BA4C-EA75E2629813}.Debug|Any CPU.ActiveCfg = Debug|Any CPU
		{07527EEC-5432-4B23-BA4C-EA75E2629813}.Debug|Any CPU.Build.0 = Debug|Any CPU
		{07527EEC-5432-4B23-BA4C-EA75E2629813}.Release|Any CPU.ActiveCfg = Release|Any CPU
		{07527EEC-5432-4B23-BA4C-EA75E2629813}.Release|Any CPU.Build.0 = Release|Any CPU
	EndGlobalSection
	GlobalSection(SolutionProperties) = preSolution
		HideSolutionNode = FALSE
	EndGlobalSection
EndGlobal
